// !$*UTF8*$!
{
	archiveVersion = 1;
	classes = {
	};
	objectVersion = 46;
	objects = {

/* Begin PBXBuildFile section */
		D7B06EBB1BAC44B7004430C7 /* AppDelegate.m in Sources */ = {isa = PBXBuildFile; fileRef = D7B06EBA1BAC44B7004430C7 /* AppDelegate.m */; };
		D7B06EBD1BAC44B7004430C7 /* main.m in Sources */ = {isa = PBXBuildFile; fileRef = D7B06EBC1BAC44B7004430C7 /* main.m */; };
		D7B06EC01BAC44B7004430C7 /* ViewController.m in Sources */ = {isa = PBXBuildFile; fileRef = D7B06EBF1BAC44B7004430C7 /* ViewController.m */; };
		D7B06EC21BAC44B7004430C7 /* Images.xcassets in Resources */ = {isa = PBXBuildFile; fileRef = D7B06EC11BAC44B7004430C7 /* Images.xcassets */; };
		D7B06EC51BAC44B7004430C7 /* Main.storyboard in Resources */ = {isa = PBXBuildFile; fileRef = D7B06EC31BAC44B7004430C7 /* Main.storyboard */; };
		D7B06ED11BAC44B7004430C7 /* langTests.m in Sources */ = {isa = PBXBuildFile; fileRef = D7B06ED01BAC44B7004430C7 /* langTests.m */; };
		D7B7EDB91BAD388300F0A06A /* XCTestCaseTest_1.m in Sources */ = {isa = PBXBuildFile; fileRef = D7B7EDB81BAD388300F0A06A /* XCTestCaseTest_1.m */; };
		D7D3DBF51BAD9920009088A9 /* OOCategory1_ClassA.m in Sources */ = {isa = PBXBuildFile; fileRef = D7D3DBF41BAD9920009088A9 /* OOCategory1_ClassA.m */; };
		D7D3DBF91BAD99F6009088A9 /* OOCategory1_ClassA+CategoryAdditions.m in Sources */ = {isa = PBXBuildFile; fileRef = D7D3DBF81BAD99F6009088A9 /* OOCategory1_ClassA+CategoryAdditions.m */; };
		D7D3DBFB1BAD9C4F009088A9 /* OOCategory1_Test.m in Sources */ = {isa = PBXBuildFile; fileRef = D7D3DBFA1BAD9C4F009088A9 /* OOCategory1_Test.m */; };
		D7D3DC021BADA219009088A9 /* OOProtocol1_ClassA.m in Sources */ = {isa = PBXBuildFile; fileRef = D7D3DC011BADA219009088A9 /* OOProtocol1_ClassA.m */; };
		D7D3DC071BADA464009088A9 /* OOProtocol1_Tests.m in Sources */ = {isa = PBXBuildFile; fileRef = D7D3DC061BADA464009088A9 /* OOProtocol1_Tests.m */; };
		D7D3DC0E1BAE6990009088A9 /* Loop1_Tests.m in Sources */ = {isa = PBXBuildFile; fileRef = D7D3DC0D1BAE6990009088A9 /* Loop1_Tests.m */; };
		D7D3DC1C1BAE6EC4009088A9 /* OOAttr1ClassA.m in Sources */ = {isa = PBXBuildFile; fileRef = D7D3DC1B1BAE6EC4009088A9 /* OOAttr1ClassA.m */; };
		D7D3DC1E1BAE7DE7009088A9 /* OOAttr1_Tests.m in Sources */ = {isa = PBXBuildFile; fileRef = D7D3DC1D1BAE7DE7009088A9 /* OOAttr1_Tests.m */; };
		D7D3DC201BAEA751009088A9 /* OO2_Tests.m in Sources */ = {isa = PBXBuildFile; fileRef = D7D3DC1F1BAEA751009088A9 /* OO2_Tests.m */; };
		D7D3DC231BAEA823009088A9 /* OO2_ClassA.m in Sources */ = {isa = PBXBuildFile; fileRef = D7D3DC221BAEA823009088A9 /* OO2_ClassA.m */; };
		D7D3DC311BAEF082009088A9 /* OO1_ClassA.m in Sources */ = {isa = PBXBuildFile; fileRef = D7D3DC2F1BAEF082009088A9 /* OO1_ClassA.m */; };
		D7D3DC331BAEF08D009088A9 /* OO1_Tests.m in Sources */ = {isa = PBXBuildFile; fileRef = D7D3DC301BAEF082009088A9 /* OO1_Tests.m */; };
/* End PBXBuildFile section */

/* Begin PBXContainerItemProxy section */
		D7B06ECB1BAC44B7004430C7 /* PBXContainerItemProxy */ = {
			isa = PBXContainerItemProxy;
			containerPortal = D7B06EAC1BAC44B7004430C7 /* Project object */;
			proxyType = 1;
			remoteGlobalIDString = D7B06EB31BAC44B7004430C7;
			remoteInfo = lang;
		};
/* End PBXContainerItemProxy section */

/* Begin PBXFileReference section */
		D7B06EB41BAC44B7004430C7 /* lang.app */ = {isa = PBXFileReference; explicitFileType = wrapper.application; includeInIndex = 0; path = lang.app; sourceTree = BUILT_PRODUCTS_DIR; };
		D7B06EB81BAC44B7004430C7 /* Info.plist */ = {isa = PBXFileReference; lastKnownFileType = text.plist.xml; path = Info.plist; sourceTree = "<group>"; };
		D7B06EB91BAC44B7004430C7 /* AppDelegate.h */ = {isa = PBXFileReference; lastKnownFileType = sourcecode.c.h; path = AppDelegate.h; sourceTree = "<group>"; };
		D7B06EBA1BAC44B7004430C7 /* AppDelegate.m */ = {isa = PBXFileReference; lastKnownFileType = sourcecode.c.objc; path = AppDelegate.m; sourceTree = "<group>"; };
		D7B06EBC1BAC44B7004430C7 /* main.m */ = {isa = PBXFileReference; lastKnownFileType = sourcecode.c.objc; path = main.m; sourceTree = "<group>"; };
		D7B06EBE1BAC44B7004430C7 /* ViewController.h */ = {isa = PBXFileReference; lastKnownFileType = sourcecode.c.h; path = ViewController.h; sourceTree = "<group>"; };
		D7B06EBF1BAC44B7004430C7 /* ViewController.m */ = {isa = PBXFileReference; lastKnownFileType = sourcecode.c.objc; path = ViewController.m; sourceTree = "<group>"; };
		D7B06EC11BAC44B7004430C7 /* Images.xcassets */ = {isa = PBXFileReference; lastKnownFileType = folder.assetcatalog; path = Images.xcassets; sourceTree = "<group>"; };
		D7B06EC41BAC44B7004430C7 /* Base */ = {isa = PBXFileReference; lastKnownFileType = file.storyboard; name = Base; path = Base.lproj/Main.storyboard; sourceTree = "<group>"; };
		D7B06ECA1BAC44B7004430C7 /* langTests.xctest */ = {isa = PBXFileReference; explicitFileType = wrapper.cfbundle; includeInIndex = 0; path = langTests.xctest; sourceTree = BUILT_PRODUCTS_DIR; };
		D7B06ECF1BAC44B7004430C7 /* Info.plist */ = {isa = PBXFileReference; lastKnownFileType = text.plist.xml; path = Info.plist; sourceTree = "<group>"; };
		D7B06ED01BAC44B7004430C7 /* langTests.m */ = {isa = PBXFileReference; lastKnownFileType = sourcecode.c.objc; path = langTests.m; sourceTree = "<group>"; };
		D7B7EDB81BAD388300F0A06A /* XCTestCaseTest_1.m */ = {isa = PBXFileReference; fileEncoding = 4; lastKnownFileType = sourcecode.c.objc; path = XCTestCaseTest_1.m; sourceTree = "<group>"; };
		D7D3DBF31BAD9920009088A9 /* OOCategory1_ClassA.h */ = {isa = PBXFileReference; fileEncoding = 4; lastKnownFileType = sourcecode.c.h; name = OOCategory1_ClassA.h; path = lang/OOCategory1/OOCategory1_ClassA.h; sourceTree = "<group>"; };
		D7D3DBF41BAD9920009088A9 /* OOCategory1_ClassA.m */ = {isa = PBXFileReference; fileEncoding = 4; lastKnownFileType = sourcecode.c.objc; name = OOCategory1_ClassA.m; path = lang/OOCategory1/OOCategory1_ClassA.m; sourceTree = "<group>"; };
		D7D3DBF71BAD99F6009088A9 /* OOCategory1_ClassA+CategoryAdditions.h */ = {isa = PBXFileReference; fileEncoding = 4; lastKnownFileType = sourcecode.c.h; name = "OOCategory1_ClassA+CategoryAdditions.h"; path = "lang/OOCategory1/OOCategory1_ClassA+CategoryAdditions.h"; sourceTree = "<group>"; };
		D7D3DBF81BAD99F6009088A9 /* OOCategory1_ClassA+CategoryAdditions.m */ = {isa = PBXFileReference; fileEncoding = 4; lastKnownFileType = sourcecode.c.objc; name = "OOCategory1_ClassA+CategoryAdditions.m"; path = "lang/OOCategory1/OOCategory1_ClassA+CategoryAdditions.m"; sourceTree = "<group>"; };
		D7D3DBFA1BAD9C4F009088A9 /* OOCategory1_Test.m */ = {isa = PBXFileReference; fileEncoding = 4; lastKnownFileType = sourcecode.c.objc; path = OOCategory1_Test.m; sourceTree = "<group>"; };
		D7D3DC001BADA219009088A9 /* OOProtocol1_ClassA.h */ = {isa = PBXFileReference; fileEncoding = 4; lastKnownFileType = sourcecode.c.h; path = OOProtocol1_ClassA.h; sourceTree = "<group>"; };
		D7D3DC011BADA219009088A9 /* OOProtocol1_ClassA.m */ = {isa = PBXFileReference; fileEncoding = 4; lastKnownFileType = sourcecode.c.objc; path = OOProtocol1_ClassA.m; sourceTree = "<group>"; };
		D7D3DC051BADA341009088A9 /* OOProtocol1_ProtocolA.h */ = {isa = PBXFileReference; fileEncoding = 4; lastKnownFileType = sourcecode.c.h; path = OOProtocol1_ProtocolA.h; sourceTree = "<group>"; };
		D7D3DC061BADA464009088A9 /* OOProtocol1_Tests.m */ = {isa = PBXFileReference; fileEncoding = 4; lastKnownFileType = sourcecode.c.objc; path = OOProtocol1_Tests.m; sourceTree = "<group>"; };
		D7D3DC0D1BAE6990009088A9 /* Loop1_Tests.m */ = {isa = PBXFileReference; fileEncoding = 4; lastKnownFileType = sourcecode.c.objc; path = Loop1_Tests.m; sourceTree = "<group>"; };
		D7D3DC1A1BAE6EC4009088A9 /* OOAttr1ClassA.h */ = {isa = PBXFileReference; fileEncoding = 4; lastKnownFileType = sourcecode.c.h; path = OOAttr1ClassA.h; sourceTree = "<group>"; };
		D7D3DC1B1BAE6EC4009088A9 /* OOAttr1ClassA.m */ = {isa = PBXFileReference; fileEncoding = 4; lastKnownFileType = sourcecode.c.objc; path = OOAttr1ClassA.m; sourceTree = "<group>"; };
		D7D3DC1D1BAE7DE7009088A9 /* OOAttr1_Tests.m */ = {isa = PBXFileReference; fileEncoding = 4; lastKnownFileType = sourcecode.c.objc; name = OOAttr1_Tests.m; path = langTests/OOAttr1_Tests.m; sourceTree = SOURCE_ROOT; };
		D7D3DC1F1BAEA751009088A9 /* OO2_Tests.m */ = {isa = PBXFileReference; fileEncoding = 4; lastKnownFileType = sourcecode.c.objc; name = OO2_Tests.m; path = lang/OO2/OO2_Tests.m; sourceTree = SOURCE_ROOT; };
		D7D3DC211BAEA823009088A9 /* OO2_ClassA.h */ = {isa = PBXFileReference; fileEncoding = 4; lastKnownFileType = sourcecode.c.h; name = OO2_ClassA.h; path = lang/OO2/OO2_ClassA.h; sourceTree = SOURCE_ROOT; };
		D7D3DC221BAEA823009088A9 /* OO2_ClassA.m */ = {isa = PBXFileReference; fileEncoding = 4; lastKnownFileType = sourcecode.c.objc; name = OO2_ClassA.m; path = lang/OO2/OO2_ClassA.m; sourceTree = SOURCE_ROOT; };
		D7D3DC2E1BAEF082009088A9 /* OO1_ClassA.h */ = {isa = PBXFileReference; fileEncoding = 4; lastKnownFileType = sourcecode.c.h; path = OO1_ClassA.h; sourceTree = "<group>"; };
		D7D3DC2F1BAEF082009088A9 /* OO1_ClassA.m */ = {isa = PBXFileReference; fileEncoding = 4; lastKnownFileType = sourcecode.c.objc; path = OO1_ClassA.m; sourceTree = "<group>"; };
		D7D3DC301BAEF082009088A9 /* OO1_Tests.m */ = {isa = PBXFileReference; fileEncoding = 4; lastKnownFileType = sourcecode.c.objc; path = OO1_Tests.m; sourceTree = "<group>"; };
/* End PBXFileReference section */

/* Begin PBXFrameworksBuildPhase section */
		D7B06EB11BAC44B7004430C7 /* Frameworks */ = {
			isa = PBXFrameworksBuildPhase;
			buildActionMask = 2147483647;
			files = (
			);
			runOnlyForDeploymentPostprocessing = 0;
		};
		D7B06EC71BAC44B7004430C7 /* Frameworks */ = {
			isa = PBXFrameworksBuildPhase;
			buildActionMask = 2147483647;
			files = (
			);
			runOnlyForDeploymentPostprocessing = 0;
		};
/* End PBXFrameworksBuildPhase section */

/* Begin PBXGroup section */
		D7B06EAB1BAC44B7004430C7 = {
			isa = PBXGroup;
			children = (
				D7B06EB61BAC44B7004430C7 /* lang */,
				D7B06ECD1BAC44B7004430C7 /* langTests */,
				D7B06EB51BAC44B7004430C7 /* Products */,
			);
			sourceTree = "<group>";
		};
		D7B06EB51BAC44B7004430C7 /* Products */ = {
			isa = PBXGroup;
			children = (
				D7B06EB41BAC44B7004430C7 /* lang.app */,
				D7B06ECA1BAC44B7004430C7 /* langTests.xctest */,
			);
			name = Products;
			sourceTree = "<group>";
		};
		D7B06EB61BAC44B7004430C7 /* lang */ = {
			isa = PBXGroup;
			children = (
				D7D3DBF61BAD9929009088A9 /* OOCategory1 */,
				D7D3DBFF1BADA219009088A9 /* OOProtocol1 */,
				D7D3DC2D1BAEF082009088A9 /* OO1 */,
				D7D3DC191BAE6EC4009088A9 /* OOAttr1 */,
				D7B06EB91BAC44B7004430C7 /* AppDelegate.h */,
				D7B06EBA1BAC44B7004430C7 /* AppDelegate.m */,
				D7B06EBE1BAC44B7004430C7 /* ViewController.h */,
				D7B06EBF1BAC44B7004430C7 /* ViewController.m */,
				D7B06EC11BAC44B7004430C7 /* Images.xcassets */,
				D7B06EC31BAC44B7004430C7 /* Main.storyboard */,
				D7B06EB71BAC44B7004430C7 /* Supporting Files */,
			);
			path = lang;
			sourceTree = "<group>";
		};
		D7B06EB71BAC44B7004430C7 /* Supporting Files */ = {
			isa = PBXGroup;
			children = (
				D7B06EB81BAC44B7004430C7 /* Info.plist */,
				D7B06EBC1BAC44B7004430C7 /* main.m */,
			);
			name = "Supporting Files";
			sourceTree = "<group>";
		};
		D7B06ECD1BAC44B7004430C7 /* langTests */ = {
			isa = PBXGroup;
			children = (
				D7B06ED01BAC44B7004430C7 /* langTests.m */,
				D7B7EDB81BAD388300F0A06A /* XCTestCaseTest_1.m */,
				D7D3DC1F1BAEA751009088A9 /* OO2_Tests.m */,
				D7D3DC211BAEA823009088A9 /* OO2_ClassA.h */,
				D7D3DC221BAEA823009088A9 /* OO2_ClassA.m */,
				D7D3DC0D1BAE6990009088A9 /* Loop1_Tests.m */,
				D7D3DBFA1BAD9C4F009088A9 /* OOCategory1_Test.m */,
				D7B06ECE1BAC44B7004430C7 /* Supporting Files */,
				D7D3DC061BADA464009088A9 /* OOProtocol1_Tests.m */,
			);
			path = langTests;
			sourceTree = "<group>";
		};
		D7B06ECE1BAC44B7004430C7 /* Supporting Files */ = {
			isa = PBXGroup;
			children = (
				D7B06ECF1BAC44B7004430C7 /* Info.plist */,
			);
			name = "Supporting Files";
			sourceTree = "<group>";
		};
		D7D3DBF61BAD9929009088A9 /* OOCategory1 */ = {
			isa = PBXGroup;
			children = (
				D7D3DBF31BAD9920009088A9 /* OOCategory1_ClassA.h */,
				D7D3DBF41BAD9920009088A9 /* OOCategory1_ClassA.m */,
				D7D3DBF71BAD99F6009088A9 /* OOCategory1_ClassA+CategoryAdditions.h */,
				D7D3DBF81BAD99F6009088A9 /* OOCategory1_ClassA+CategoryAdditions.m */,
			);
			name = OOCategory1;
			path = ..;
			sourceTree = "<group>";
		};
		D7D3DBFF1BADA219009088A9 /* OOProtocol1 */ = {
			isa = PBXGroup;
			children = (
				D7D3DC001BADA219009088A9 /* OOProtocol1_ClassA.h */,
				D7D3DC011BADA219009088A9 /* OOProtocol1_ClassA.m */,
				D7D3DC051BADA341009088A9 /* OOProtocol1_ProtocolA.h */,
			);
			path = OOProtocol1;
			sourceTree = "<group>";
		};
		D7D3DC191BAE6EC4009088A9 /* OOAttr1 */ = {
			isa = PBXGroup;
			children = (
				D7D3DC1A1BAE6EC4009088A9 /* OOAttr1ClassA.h */,
				D7D3DC1B1BAE6EC4009088A9 /* OOAttr1ClassA.m */,
				D7D3DC1D1BAE7DE7009088A9 /* OOAttr1_Tests.m */,
			);
			path = OOAttr1;
			sourceTree = "<group>";
		};
		D7D3DC2D1BAEF082009088A9 /* OO1 */ = {
			isa = PBXGroup;
			children = (
				D7D3DC2E1BAEF082009088A9 /* OO1_ClassA.h */,
				D7D3DC2F1BAEF082009088A9 /* OO1_ClassA.m */,
				D7D3DC301BAEF082009088A9 /* OO1_Tests.m */,
			);
			path = OO1;
			sourceTree = "<group>";
		};
/* End PBXGroup section */

/* Begin PBXNativeTarget section */
		D7B06EB31BAC44B7004430C7 /* lang */ = {
			isa = PBXNativeTarget;
			buildConfigurationList = D7B06ED41BAC44B7004430C7 /* Build configuration list for PBXNativeTarget "lang" */;
			buildPhases = (
				D7B06EB01BAC44B7004430C7 /* Sources */,
				D7B06EB11BAC44B7004430C7 /* Frameworks */,
				D7B06EB21BAC44B7004430C7 /* Resources */,
			);
			buildRules = (
			);
			dependencies = (
			);
			name = lang;
			productName = lang;
			productReference = D7B06EB41BAC44B7004430C7 /* lang.app */;
			productType = "com.apple.product-type.application";
		};
		D7B06EC91BAC44B7004430C7 /* langTests */ = {
			isa = PBXNativeTarget;
			buildConfigurationList = D7B06ED71BAC44B7004430C7 /* Build configuration list for PBXNativeTarget "langTests" */;
			buildPhases = (
				D7B06EC61BAC44B7004430C7 /* Sources */,
				D7B06EC71BAC44B7004430C7 /* Frameworks */,
				D7B06EC81BAC44B7004430C7 /* Resources */,
			);
			buildRules = (
			);
			dependencies = (
				D7B06ECC1BAC44B7004430C7 /* PBXTargetDependency */,
			);
			name = langTests;
			productName = langTests;
			productReference = D7B06ECA1BAC44B7004430C7 /* langTests.xctest */;
			productType = "com.apple.product-type.bundle.unit-test";
		};
/* End PBXNativeTarget section */

/* Begin PBXProject section */
		D7B06EAC1BAC44B7004430C7 /* Project object */ = {
			isa = PBXProject;
			attributes = {
				LastUpgradeCheck = 0630;
				ORGANIZATIONNAME = solvery;
				TargetAttributes = {
					D7B06EB31BAC44B7004430C7 = {
						CreatedOnToolsVersion = 6.3.2;
					};
					D7B06EC91BAC44B7004430C7 = {
						CreatedOnToolsVersion = 6.3.2;
						TestTargetID = D7B06EB31BAC44B7004430C7;
					};
				};
			};
			buildConfigurationList = D7B06EAF1BAC44B7004430C7 /* Build configuration list for PBXProject "lang" */;
			compatibilityVersion = "Xcode 3.2";
			developmentRegion = English;
			hasScannedForEncodings = 0;
			knownRegions = (
				en,
				Base,
			);
			mainGroup = D7B06EAB1BAC44B7004430C7;
			productRefGroup = D7B06EB51BAC44B7004430C7 /* Products */;
			projectDirPath = "";
			projectRoot = "";
			targets = (
				D7B06EB31BAC44B7004430C7 /* lang */,
				D7B06EC91BAC44B7004430C7 /* langTests */,
			);
		};
/* End PBXProject section */

/* Begin PBXResourcesBuildPhase section */
		D7B06EB21BAC44B7004430C7 /* Resources */ = {
			isa = PBXResourcesBuildPhase;
			buildActionMask = 2147483647;
			files = (
				D7B06EC21BAC44B7004430C7 /* Images.xcassets in Resources */,
				D7B06EC51BAC44B7004430C7 /* Main.storyboard in Resources */,
			);
			runOnlyForDeploymentPostprocessing = 0;
		};
		D7B06EC81BAC44B7004430C7 /* Resources */ = {
			isa = PBXResourcesBuildPhase;
			buildActionMask = 2147483647;
			files = (
			);
			runOnlyForDeploymentPostprocessing = 0;
		};
/* End PBXResourcesBuildPhase section */

/* Begin PBXSourcesBuildPhase section */
		D7B06EB01BAC44B7004430C7 /* Sources */ = {
			isa = PBXSourcesBuildPhase;
			buildActionMask = 2147483647;
			files = (
				D7D3DBF91BAD99F6009088A9 /* OOCategory1_ClassA+CategoryAdditions.m in Sources */,
				D7D3DC021BADA219009088A9 /* OOProtocol1_ClassA.m in Sources */,
				D7B06EC01BAC44B7004430C7 /* ViewController.m in Sources */,
				D7D3DBF51BAD9920009088A9 /* OOCategory1_ClassA.m in Sources */,
				D7D3DC1C1BAE6EC4009088A9 /* OOAttr1ClassA.m in Sources */,
				D7B06EBD1BAC44B7004430C7 /* main.m in Sources */,
				D7B06EBB1BAC44B7004430C7 /* AppDelegate.m in Sources */,
				D7D3DC311BAEF082009088A9 /* OO1_ClassA.m in Sources */,
			);
			runOnlyForDeploymentPostprocessing = 0;
		};
		D7B06EC61BAC44B7004430C7 /* Sources */ = {
			isa = PBXSourcesBuildPhase;
			buildActionMask = 2147483647;
			files = (
				D7D3DC201BAEA751009088A9 /* OO2_Tests.m in Sources */,
				D7D3DC1E1BAE7DE7009088A9 /* OOAttr1_Tests.m in Sources */,
				D7D3DBFB1BAD9C4F009088A9 /* OOCategory1_Test.m in Sources */,
				D7B7EDB91BAD388300F0A06A /* XCTestCaseTest_1.m in Sources */,
				D7D3DC0E1BAE6990009088A9 /* Loop1_Tests.m in Sources */,
				D7D3DC331BAEF08D009088A9 /* OO1_Tests.m in Sources */,
				D7D3DC071BADA464009088A9 /* OOProtocol1_Tests.m in Sources */,
				D7B06ED11BAC44B7004430C7 /* langTests.m in Sources */,
				D7D3DC231BAEA823009088A9 /* OO2_ClassA.m in Sources */,
			);
			runOnlyForDeploymentPostprocessing = 0;
		};
/* End PBXSourcesBuildPhase section */

/* Begin PBXTargetDependency section */
		D7B06ECC1BAC44B7004430C7 /* PBXTargetDependency */ = {
			isa = PBXTargetDependency;
			target = D7B06EB31BAC44B7004430C7 /* lang */;
			targetProxy = D7B06ECB1BAC44B7004430C7 /* PBXContainerItemProxy */;
		};
/* End PBXTargetDependency section */

/* Begin PBXVariantGroup section */
		D7B06EC31BAC44B7004430C7 /* Main.storyboard */ = {
			isa = PBXVariantGroup;
			children = (
				D7B06EC41BAC44B7004430C7 /* Base */,
			);
			name = Main.storyboard;
			sourceTree = "<group>";
		};
/* End PBXVariantGroup section */

/* Begin XCBuildConfiguration section */
		D7B06ED21BAC44B7004430C7 /* Debug */ = {
			isa = XCBuildConfiguration;
			buildSettings = {
				ALWAYS_SEARCH_USER_PATHS = NO;
				CLANG_CXX_LANGUAGE_STANDARD = "gnu++0x";
				CLANG_CXX_LIBRARY = "libc++";
				CLANG_ENABLE_MODULES = YES;
				CLANG_ENABLE_OBJC_ARC = YES;
				CLANG_WARN_BOOL_CONVERSION = YES;
				CLANG_WARN_CONSTANT_CONVERSION = YES;
				CLANG_WARN_DIRECT_OBJC_ISA_USAGE = YES_ERROR;
				CLANG_WARN_EMPTY_BODY = YES;
				CLANG_WARN_ENUM_CONVERSION = YES;
				CLANG_WARN_INT_CONVERSION = YES;
				CLANG_WARN_OBJC_ROOT_CLASS = YES_ERROR;
				CLANG_WARN_UNREACHABLE_CODE = YES;
				CLANG_WARN__DUPLICATE_METHOD_MATCH = YES;
				CODE_SIGN_IDENTITY = "-";
				COPY_PHASE_STRIP = NO;
				DEBUG_INFORMATION_FORMAT = dwarf;
				ENABLE_STRICT_OBJC_MSGSEND = YES;
				GCC_C_LANGUAGE_STANDARD = gnu99;
				GCC_DYNAMIC_NO_PIC = NO;
				GCC_NO_COMMON_BLOCKS = YES;
				GCC_OPTIMIZATION_LEVEL = 0;
				GCC_PREPROCESSOR_DEFINITIONS = (
					"DEBUG=1",
					"$(inherited)",
				);
				GCC_SYMBOLS_PRIVATE_EXTERN = NO;
				GCC_WARN_64_TO_32_BIT_CONVERSION = YES;
				GCC_WARN_ABOUT_RETURN_TYPE = YES_ERROR;
				GCC_WARN_UNDECLARED_SELECTOR = YES;
				GCC_WARN_UNINITIALIZED_AUTOS = YES_AGGRESSIVE;
				GCC_WARN_UNUSED_FUNCTION = YES;
				GCC_WARN_UNUSED_VARIABLE = YES;
				MACOSX_DEPLOYMENT_TARGET = 10.10;
				MTL_ENABLE_DEBUG_INFO = YES;
				ONLY_ACTIVE_ARCH = YES;
				SDKROOT = macosx;
			};
			name = Debug;
		};
		D7B06ED31BAC44B7004430C7 /* Release */ = {
			isa = XCBuildConfiguration;
			buildSettings = {
				ALWAYS_SEARCH_USER_PATHS = NO;
				CLANG_CXX_LANGUAGE_STANDARD = "gnu++0x";
				CLANG_CXX_LIBRARY = "libc++";
				CLANG_ENABLE_MODULES = YES;
				CLANG_ENABLE_OBJC_ARC = YES;
				CLANG_WARN_BOOL_CONVERSION = YES;
				CLANG_WARN_CONSTANT_CONVERSION = YES;
				CLANG_WARN_DIRECT_OBJC_ISA_USAGE = YES_ERROR;
				CLANG_WARN_EMPTY_BODY = YES;
				CLANG_WARN_ENUM_CONVERSION = YES;
				CLANG_WARN_INT_CONVERSION = YES;
				CLANG_WARN_OBJC_ROOT_CLASS = YES_ERROR;
				CLANG_WARN_UNREACHABLE_CODE = YES;
				CLANG_WARN__DUPLICATE_METHOD_MATCH = YES;
				CODE_SIGN_IDENTITY = "-";
				COPY_PHASE_STRIP = NO;
				DEBUG_INFORMATION_FORMAT = "dwarf-with-dsym";
				ENABLE_NS_ASSERTIONS = NO;
				ENABLE_STRICT_OBJC_MSGSEND = YES;
				GCC_C_LANGUAGE_STANDARD = gnu99;
				GCC_NO_COMMON_BLOCKS = YES;
				GCC_WARN_64_TO_32_BIT_CONVERSION = YES;
				GCC_WARN_ABOUT_RETURN_TYPE = YES_ERROR;
				GCC_WARN_UNDECLARED_SELECTOR = YES;
				GCC_WARN_UNINITIALIZED_AUTOS = YES_AGGRESSIVE;
				GCC_WARN_UNUSED_FUNCTION = YES;
				GCC_WARN_UNUSED_VARIABLE = YES;
				MACOSX_DEPLOYMENT_TARGET = 10.10;
				MTL_ENABLE_DEBUG_INFO = NO;
				SDKROOT = macosx;
			};
			name = Release;
		};
		D7B06ED51BAC44B7004430C7 /* Debug */ = {
			isa = XCBuildConfiguration;
			buildSettings = {
				ASSETCATALOG_COMPILER_APPICON_NAME = AppIcon;
				COMBINE_HIDPI_IMAGES = YES;
				INFOPLIST_FILE = lang/Info.plist;
				LD_RUNPATH_SEARCH_PATHS = "$(inherited) @executable_path/../Frameworks";
				PRODUCT_NAME = "$(TARGET_NAME)";
			};
			name = Debug;
		};
		D7B06ED61BAC44B7004430C7 /* Release */ = {
			isa = XCBuildConfiguration;
			buildSettings = {
				ASSETCATALOG_COMPILER_APPICON_NAME = AppIcon;
				COMBINE_HIDPI_IMAGES = YES;
				INFOPLIST_FILE = lang/Info.plist;
				LD_RUNPATH_SEARCH_PATHS = "$(inherited) @executable_path/../Frameworks";
				PRODUCT_NAME = "$(TARGET_NAME)";
			};
			name = Release;
		};
		D7B06ED81BAC44B7004430C7 /* Debug */ = {
			isa = XCBuildConfiguration;
			buildSettings = {
				BUNDLE_LOADER = "$(TEST_HOST)";
				COMBINE_HIDPI_IMAGES = YES;
				FRAMEWORK_SEARCH_PATHS = (
					"$(DEVELOPER_FRAMEWORKS_DIR)",
					"$(inherited)",
				);
				GCC_PREPROCESSOR_DEFINITIONS = (
					"DEBUG=1",
					"$(inherited)",
				);
				INFOPLIST_FILE = langTests/Info.plist;
				LD_RUNPATH_SEARCH_PATHS = "$(inherited) @executable_path/../Frameworks @loader_path/../Frameworks";
				PRODUCT_NAME = "$(TARGET_NAME)";
				TEST_HOST = "$(BUILT_PRODUCTS_DIR)/lang.app/Contents/MacOS/lang";
			};
			name = Debug;
		};
		D7B06ED91BAC44B7004430C7 /* Release */ = {
			isa = XCBuildConfiguration;
			buildSettings = {
				BUNDLE_LOADER = "$(TEST_HOST)";
				COMBINE_HIDPI_IMAGES = YES;
				FRAMEWORK_SEARCH_PATHS = (
					"$(DEVELOPER_FRAMEWORKS_DIR)",
					"$(inherited)",
				);
				INFOPLIST_FILE = langTests/Info.plist;
				LD_RUNPATH_SEARCH_PATHS = "$(inherited) @executable_path/../Frameworks @loader_path/../Frameworks";
				PRODUCT_NAME = "$(TARGET_NAME)";
				TEST_HOST = "$(BUILT_PRODUCTS_DIR)/lang.app/Contents/MacOS/lang";
			};
			name = Release;
		};
/* End XCBuildConfiguration section */

/* Begin XCConfigurationList section */
		D7B06EAF1BAC44B7004430C7 /* Build configuration list for PBXProject "lang" */ = {
			isa = XCConfigurationList;
			buildConfigurations = (
				D7B06ED21BAC44B7004430C7 /* Debug */,
				D7B06ED31BAC44B7004430C7 /* Release */,
			);
			defaultConfigurationIsVisible = 0;
			defaultConfigurationName = Release;
		};
		D7B06ED41BAC44B7004430C7 /* Build configuration list for PBXNativeTarget "lang" */ = {
			isa = XCConfigurationList;
			buildConfigurations = (
				D7B06ED51BAC44B7004430C7 /* Debug */,
				D7B06ED61BAC44B7004430C7 /* Release */,
			);
			defaultConfigurationIsVisible = 0;
			defaultConfigurationName = Release;
		};
		D7B06ED71BAC44B7004430C7 /* Build configuration list for PBXNativeTarget "langTests" */ = {
			isa = XCConfigurationList;
			buildConfigurations = (
				D7B06ED81BAC44B7004430C7 /* Debug */,
				D7B06ED91BAC44B7004430C7 /* Release */,
			);
			defaultConfigurationIsVisible = 0;
			defaultConfigurationName = Release;
		};
/* End XCConfigurationList section */
	};
	rootObject = D7B06EAC1BAC44B7004430C7 /* Project object */;
}
